
Microsoft Visual Studio Solution File, Format Version 12.00
# Visual Studio Version 17
VisualStudioVersion = 17.1.32319.34
MinimumVisualStudioVersion = 10.0.40219.1
Project("{9A19103F-16F7-4668-BE54-9A1E7A4F7556}") = "API", "API\API.csproj", "{A4B778ED-7BB9-4D40-A746-C08EBA49FEBC}"
EndProject
Project("{9A19103F-16F7-4668-BE54-9A1E7A4F7556}") = "Web", "Web\Web.csproj", "{ECD57BE7-140E-42AA-9B21-6F9A4F7DCFE5}"
EndProject
Project("{FAE04EC0-301F-11D3-BF4B-00C04F79EFBC}") = "BLL", "BLL\BLL.csproj", "{0D8303D9-4E09-4E0F-894B-B55558C35EBF}"
EndProject
Project("{2150E333-8FDC-42A3-9474-1A3956D46DE8}") = "Solution Items", "Solution Items", "{6FAA3619-A71B-401F-8855-15FDFF646BD5}"
	ProjectSection(SolutionItems) = preProject
		.editorconfig = .editorconfig
	EndProjectSection
EndProject
Global
	GlobalSection(SolutionConfigurationPlatforms) = preSolution
		Debug|Any CPU = Debug|Any CPU
		Release|Any CPU = Release|Any CPU
	EndGlobalSection
	GlobalSection(ProjectConfigurationPlatforms) = postSolution
		{A4B778ED-7BB9-4D40-A746-C08EBA49FEBC}.Debug|Any CPU.ActiveCfg = Debug|Any CPU
		{A4B778ED-7BB9-4D40-A746-C08EBA49FEBC}.Debug|Any CPU.Build.0 = Debug|Any CPU
		{A4B778ED-7BB9-4D40-A746-C08EBA49FEBC}.Release|Any CPU.ActiveCfg = Release|Any CPU
		{A4B778ED-7BB9-4D40-A746-C08EBA49FEBC}.Release|Any CPU.Build.0 = Release|Any CPU
		{ECD57BE7-140E-42AA-9B21-6F9A4F7DCFE5}.Debug|Any CPU.ActiveCfg = Debug|Any CPU
		{ECD57BE7-140E-42AA-9B21-6F9A4F7DCFE5}.Debug|Any CPU.Build.0 = Debug|Any CPU
		{ECD57BE7-140E-42AA-9B21-6F9A4F7DCFE5}.Release|Any CPU.ActiveCfg = Release|Any CPU
		{ECD57BE7-140E-42AA-9B21-6F9A4F7DCFE5}.Release|Any CPU.Build.0 = Release|Any CPU
		{0D8303D9-4E09-4E0F-894B-B55558C35EBF}.Debug|Any CPU.ActiveCfg = Debug|Any CPU
		{0D8303D9-4E09-4E0F-894B-B55558C35EBF}.Debug|Any CPU.Build.0 = Debug|Any CPU
		{0D8303D9-4E09-4E0F-894B-B55558C35EBF}.Release|Any CPU.ActiveCfg = Release|Any CPU
		{0D8303D9-4E09-4E0F-894B-B55558C35EBF}.Release|Any CPU.Build.0 = Release|Any CPU
	EndGlobalSection
	GlobalSection(SolutionProperties) = preSolution
		HideSolutionNode = FALSE
	EndGlobalSection
	GlobalSection(ExtensibilityGlobals) = postSolution
		SolutionGuid = {4619BA84-84DF-42C7-A468-1B953BA0527C}
	EndGlobalSection
EndGlobal
